
Microsoft Visual Studio Solution File, Format Version 12.00
# Visual Studio Version 16
VisualStudioVersion = 16.0.30907.101
MinimumVisualStudioVersion = 10.0.40219.1
Project("{9A19103F-16F7-4668-BE54-9A1E7A4F7556}") = "SMTC_SongInfo", "SMTC_SongInfo\SMTC_SongInfo.csproj", "{1398994E-316C-4819-869D-427D2E633A15}"
EndProject
Project("{FAE04EC0-301F-11D3-BF4B-00C04F79EFBC}") = "SMTC_SongInfoNew", "SMTC_SongInfoNew\SMTC_SongInfoNew.csproj", "{69ECA7EB-CE7F-4E00-874A-A52DDC52EA66}"
EndProject
Global
	GlobalSection(SolutionConfigurationPlatforms) = preSolution
		Debug|Any CPU = Debug|Any CPU
		Release|Any CPU = Release|Any CPU
	EndGlobalSection
	GlobalSection(ProjectConfigurationPlatforms) = postSolution
		{1398994E-316C-4819-869D-427D2E633A15}.Debug|Any CPU.ActiveCfg = Debug|Any CPU
		{1398994E-316C-4819-869D-427D2E633A15}.Debug|Any CPU.Build.0 = Debug|Any CPU
		{1398994E-316C-4819-869D-427D2E633A15}.Release|Any CPU.ActiveCfg = Release|Any CPU
		{1398994E-316C-4819-869D-427D2E633A15}.Release|Any CPU.Build.0 = Release|Any CPU
		{69ECA7EB-CE7F-4E00-874A-A52DDC52EA66}.Debug|Any CPU.ActiveCfg = Debug|Any CPU
		{69ECA7EB-CE7F-4E00-874A-A52DDC52EA66}.Debug|Any CPU.Build.0 = Debug|Any CPU
		{69ECA7EB-CE7F-4E00-874A-A52DDC52EA66}.Release|Any CPU.ActiveCfg = Release|Any CPU
		{69ECA7EB-CE7F-4E00-874A-A52DDC52EA66}.Release|Any CPU.Build.0 = Release|Any CPU
	EndGlobalSection
	GlobalSection(SolutionProperties) = preSolution
		HideSolutionNode = FALSE
	EndGlobalSection
	GlobalSection(ExtensibilityGlobals) = postSolution
		SolutionGuid = {9387AC16-581B-410B-A807-52DAD0088FCF}
	EndGlobalSection
EndGlobal
